// !$*UTF8*$!
{
	archiveVersion = 1;
	classes = {
	};
	objectVersion = 56;
	objects = {

/* Begin PBXBuildFile section */
		4DB140542B1F1B2D007BF483 /* AppDelegate.swift in Sources */ = {isa = PBXBuildFile; fileRef = 4DB140532B1F1B2D007BF483 /* AppDelegate.swift */; };
		4DB140562B1F1B2E007BF483 /* GameScene.sks in Resources */ = {isa = PBXBuildFile; fileRef = 4DB140552B1F1B2E007BF483 /* GameScene.sks */; };
		4DB140582B1F1B2E007BF483 /* Actions.sks in Resources */ = {isa = PBXBuildFile; fileRef = 4DB140572B1F1B2E007BF483 /* Actions.sks */; };
		4DB1405A2B1F1B2E007BF483 /* GameScene.swift in Sources */ = {isa = PBXBuildFile; fileRef = 4DB140592B1F1B2E007BF483 /* GameScene.swift */; };
		4DB1405C2B1F1B2E007BF483 /* GameViewController.swift in Sources */ = {isa = PBXBuildFile; fileRef = 4DB1405B2B1F1B2E007BF483 /* GameViewController.swift */; };
		4DB1405F2B1F1B2E007BF483 /* Main.storyboard in Resources */ = {isa = PBXBuildFile; fileRef = 4DB1405D2B1F1B2E007BF483 /* Main.storyboard */; };
		4DB140612B1F1B2E007BF483 /* Assets.xcassets in Resources */ = {isa = PBXBuildFile; fileRef = 4DB140602B1F1B2E007BF483 /* Assets.xcassets */; };
		4DB140642B1F1B2E007BF483 /* LaunchScreen.storyboard in Resources */ = {isa = PBXBuildFile; fileRef = 4DB140622B1F1B2E007BF483 /* LaunchScreen.storyboard */; };
		E4ACCD812B1F2186003CB3EE /* Priest.swift in Sources */ = {isa = PBXBuildFile; fileRef = E4ACCD802B1F2186003CB3EE /* Priest.swift */; };
/* End PBXBuildFile section */

/* Begin PBXFileReference section */
		4DB140502B1F1B2D007BF483 /* GamePriest.app */ = {isa = PBXFileReference; explicitFileType = wrapper.application; includeInIndex = 0; path = GamePriest.app; sourceTree = BUILT_PRODUCTS_DIR; };
		4DB140532B1F1B2D007BF483 /* AppDelegate.swift */ = {isa = PBXFileReference; lastKnownFileType = sourcecode.swift; path = AppDelegate.swift; sourceTree = "<group>"; };
		4DB140552B1F1B2E007BF483 /* GameScene.sks */ = {isa = PBXFileReference; lastKnownFileType = file.sks; path = GameScene.sks; sourceTree = "<group>"; };
		4DB140572B1F1B2E007BF483 /* Actions.sks */ = {isa = PBXFileReference; lastKnownFileType = file.sks; path = Actions.sks; sourceTree = "<group>"; };
		4DB140592B1F1B2E007BF483 /* GameScene.swift */ = {isa = PBXFileReference; lastKnownFileType = sourcecode.swift; path = GameScene.swift; sourceTree = "<group>"; };
		4DB1405B2B1F1B2E007BF483 /* GameViewController.swift */ = {isa = PBXFileReference; lastKnownFileType = sourcecode.swift; path = GameViewController.swift; sourceTree = "<group>"; };
		4DB1405E2B1F1B2E007BF483 /* Base */ = {isa = PBXFileReference; lastKnownFileType = file.storyboard; name = Base; path = Base.lproj/Main.storyboard; sourceTree = "<group>"; };
		4DB140602B1F1B2E007BF483 /* Assets.xcassets */ = {isa = PBXFileReference; lastKnownFileType = folder.assetcatalog; path = Assets.xcassets; sourceTree = "<group>"; };
		4DB140632B1F1B2E007BF483 /* Base */ = {isa = PBXFileReference; lastKnownFileType = file.storyboard; name = Base; path = Base.lproj/LaunchScreen.storyboard; sourceTree = "<group>"; };
		E4ACCD802B1F2186003CB3EE /* Priest.swift */ = {isa = PBXFileReference; lastKnownFileType = sourcecode.swift; path = Priest.swift; sourceTree = "<group>"; };
/* End PBXFileReference section */

/* Begin PBXFrameworksBuildPhase section */
		4DB1404D2B1F1B2D007BF483 /* Frameworks */ = {
			isa = PBXFrameworksBuildPhase;
			buildActionMask = 2147483647;
			files = (
			);
			runOnlyForDeploymentPostprocessing = 0;
		};
/* End PBXFrameworksBuildPhase section */

/* Begin PBXGroup section */
		4DB140472B1F1B2D007BF483 = {
			isa = PBXGroup;
			children = (
				4DB140522B1F1B2D007BF483 /* GamePriest */,
				4DB140512B1F1B2D007BF483 /* Products */,
			);
			sourceTree = "<group>";
		};
		4DB140512B1F1B2D007BF483 /* Products */ = {
			isa = PBXGroup;
			children = (
				4DB140502B1F1B2D007BF483 /* GamePriest.app */,
			);
			name = Products;
			sourceTree = "<group>";
		};
		4DB140522B1F1B2D007BF483 /* GamePriest */ = {
			isa = PBXGroup;
			children = (
				4DB140532B1F1B2D007BF483 /* AppDelegate.swift */,
				4DB140552B1F1B2E007BF483 /* GameScene.sks */,
				4DB140572B1F1B2E007BF483 /* Actions.sks */,
				4DB140592B1F1B2E007BF483 /* GameScene.swift */,
				4DB1405B2B1F1B2E007BF483 /* GameViewController.swift */,
				4DB1405D2B1F1B2E007BF483 /* Main.storyboard */,
				4DB140602B1F1B2E007BF483 /* Assets.xcassets */,
				4DB140622B1F1B2E007BF483 /* LaunchScreen.storyboard */,
				E4ACCD802B1F2186003CB3EE /* Priest.swift */,
			);
			path = GamePriest;
			sourceTree = "<group>";
		};
/* End PBXGroup section */

/* Begin PBXNativeTarget section */
		4DB1404F2B1F1B2D007BF483 /* GamePriest */ = {
			isa = PBXNativeTarget;
			buildConfigurationList = 4DB140672B1F1B2E007BF483 /* Build configuration list for PBXNativeTarget "GamePriest" */;
			buildPhases = (
				4DB1404C2B1F1B2D007BF483 /* Sources */,
				4DB1404D2B1F1B2D007BF483 /* Frameworks */,
				4DB1404E2B1F1B2D007BF483 /* Resources */,
			);
			buildRules = (
			);
			dependencies = (
			);
			name = GamePriest;
			productName = GamePriest;
			productReference = 4DB140502B1F1B2D007BF483 /* GamePriest.app */;
			productType = "com.apple.product-type.application";
		};
/* End PBXNativeTarget section */

/* Begin PBXProject section */
		4DB140482B1F1B2D007BF483 /* Project object */ = {
			isa = PBXProject;
			attributes = {
				BuildIndependentTargetsInParallel = 1;
				LastSwiftUpdateCheck = 1500;
				LastUpgradeCheck = 1500;
				TargetAttributes = {
					4DB1404F2B1F1B2D007BF483 = {
						CreatedOnToolsVersion = 15.0.1;
					};
				};
			};
			buildConfigurationList = 4DB1404B2B1F1B2D007BF483 /* Build configuration list for PBXProject "GamePriest" */;
			compatibilityVersion = "Xcode 14.0";
			developmentRegion = en;
			hasScannedForEncodings = 0;
			knownRegions = (
				en,
				Base,
			);
			mainGroup = 4DB140472B1F1B2D007BF483;
			productRefGroup = 4DB140512B1F1B2D007BF483 /* Products */;
			projectDirPath = "";
			projectRoot = "";
			targets = (
				4DB1404F2B1F1B2D007BF483 /* GamePriest */,
			);
		};
/* End PBXProject section */

/* Begin PBXResourcesBuildPhase section */
		4DB1404E2B1F1B2D007BF483 /* Resources */ = {
			isa = PBXResourcesBuildPhase;
			buildActionMask = 2147483647;
			files = (
				4DB1405F2B1F1B2E007BF483 /* Main.storyboard in Resources */,
				4DB140562B1F1B2E007BF483 /* GameScene.sks in Resources */,
				4DB140612B1F1B2E007BF483 /* Assets.xcassets in Resources */,
				4DB140642B1F1B2E007BF483 /* LaunchScreen.storyboard in Resources */,
				4DB140582B1F1B2E007BF483 /* Actions.sks in Resources */,
			);
			runOnlyForDeploymentPostprocessing = 0;
		};
/* End PBXResourcesBuildPhase section */

/* Begin PBXSourcesBuildPhase section */
		4DB1404C2B1F1B2D007BF483 /* Sources */ = {
			isa = PBXSourcesBuildPhase;
			buildActionMask = 2147483647;
			files = (
				4DB1405A2B1F1B2E007BF483 /* GameScene.swift in Sources */,
				4DB1405C2B1F1B2E007BF483 /* GameViewController.swift in Sources */,
				E4ACCD812B1F2186003CB3EE /* Priest.swift in Sources */,
				4DB140542B1F1B2D007BF483 /* AppDelegate.swift in Sources */,
			);
			runOnlyForDeploymentPostprocessing = 0;
		};
/* End PBXSourcesBuildPhase section */

/* Begin PBXVariantGroup section */
		4DB1405D2B1F1B2E007BF483 /* Main.storyboard */ = {
			isa = PBXVariantGroup;
			children = (
				4DB1405E2B1F1B2E007BF483 /* Base */,
			);
			name = Main.storyboard;
			sourceTree = "<group>";
		};
		4DB140622B1F1B2E007BF483 /* LaunchScreen.storyboard */ = {
			isa = PBXVariantGroup;
			children = (
				4DB140632B1F1B2E007BF483 /* Base */,
			);
			name = LaunchScreen.storyboard;
			sourceTree = "<group>";
		};
/* End PBXVariantGroup section */

/* Begin XCBuildConfiguration section */
		4DB140652B1F1B2E007BF483 /* Debug */ = {
			isa = XCBuildConfiguration;
			buildSettings = {
				ALWAYS_SEARCH_USER_PATHS = NO;
				ASSETCATALOG_COMPILER_GENERATE_SWIFT_ASSET_SYMBOL_EXTENSIONS = YES;
				CLANG_ANALYZER_NONNULL = YES;
				CLANG_ANALYZER_NUMBER_OBJECT_CONVERSION = YES_AGGRESSIVE;
				CLANG_CXX_LANGUAGE_STANDARD = "gnu++20";
				CLANG_ENABLE_MODULES = YES;
				CLANG_ENABLE_OBJC_ARC = YES;
				CLANG_ENABLE_OBJC_WEAK = YES;
				CLANG_WARN_BLOCK_CAPTURE_AUTORELEASING = YES;
				CLANG_WARN_BOOL_CONVERSION = YES;
				CLANG_WARN_COMMA = YES;
				CLANG_WARN_CONSTANT_CONVERSION = YES;
				CLANG_WARN_DEPRECATED_OBJC_IMPLEMENTATIONS = YES;
				CLANG_WARN_DIRECT_OBJC_ISA_USAGE = YES_ERROR;
				CLANG_WARN_DOCUMENTATION_COMMENTS = YES;
				CLANG_WARN_EMPTY_BODY = YES;
				CLANG_WARN_ENUM_CONVERSION = YES;
				CLANG_WARN_INFINITE_RECURSION = YES;
				CLANG_WARN_INT_CONVERSION = YES;
				CLANG_WARN_NON_LITERAL_NULL_CONVERSION = YES;
				CLANG_WARN_OBJC_IMPLICIT_RETAIN_SELF = YES;
				CLANG_WARN_OBJC_LITERAL_CONVERSION = YES;
				CLANG_WARN_OBJC_ROOT_CLASS = YES_ERROR;
				CLANG_WARN_QUOTED_INCLUDE_IN_FRAMEWORK_HEADER = YES;
				CLANG_WARN_RANGE_LOOP_ANALYSIS = YES;
				CLANG_WARN_STRICT_PROTOTYPES = YES;
				CLANG_WARN_SUSPICIOUS_MOVE = YES;
				CLANG_WARN_UNGUARDED_AVAILABILITY = YES_AGGRESSIVE;
				CLANG_WARN_UNREACHABLE_CODE = YES;
				CLANG_WARN__DUPLICATE_METHOD_MATCH = YES;
				COPY_PHASE_STRIP = NO;
				DEBUG_INFORMATION_FORMAT = dwarf;
				ENABLE_STRICT_OBJC_MSGSEND = YES;
				ENABLE_TESTABILITY = YES;
				ENABLE_USER_SCRIPT_SANDBOXING = YES;
				GCC_C_LANGUAGE_STANDARD = gnu17;
				GCC_DYNAMIC_NO_PIC = NO;
				GCC_NO_COMMON_BLOCKS = YES;
				GCC_OPTIMIZATION_LEVEL = 0;
				GCC_PREPROCESSOR_DEFINITIONS = (
					"DEBUG=1",
					"$(inherited)",
				);
				GCC_WARN_64_TO_32_BIT_CONVERSION = YES;
				GCC_WARN_ABOUT_RETURN_TYPE = YES_ERROR;
				GCC_WARN_UNDECLARED_SELECTOR = YES;
				GCC_WARN_UNINITIALIZED_AUTOS = YES_AGGRESSIVE;
				GCC_WARN_UNUSED_FUNCTION = YES;
				GCC_WARN_UNUSED_VARIABLE = YES;
				IPHONEOS_DEPLOYMENT_TARGET = 17.0;
				LOCALIZATION_PREFERS_STRING_CATALOGS = YES;
				MTL_ENABLE_DEBUG_INFO = INCLUDE_SOURCE;
				MTL_FAST_MATH = YES;
				ONLY_ACTIVE_ARCH = YES;
				SDKROOT = iphoneos;
				SWIFT_ACTIVE_COMPILATION_CONDITIONS = "DEBUG $(inherited)";
				SWIFT_OPTIMIZATION_LEVEL = "-Onone";
			};
			name = Debug;
		};
		4DB140662B1F1B2E007BF483 /* Release */ = {
			isa = XCBuildConfiguration;
			buildSettings = {
				ALWAYS_SEARCH_USER_PATHS = NO;
				ASSETCATALOG_COMPILER_GENERATE_SWIFT_ASSET_SYMBOL_EXTENSIONS = YES;
				CLANG_ANALYZER_NONNULL = YES;
				CLANG_ANALYZER_NUMBER_OBJECT_CONVERSION = YES_AGGRESSIVE;
				CLANG_CXX_LANGUAGE_STANDARD = "gnu++20";
				CLANG_ENABLE_MODULES = YES;
				CLANG_ENABLE_OBJC_ARC = YES;
				CLANG_ENABLE_OBJC_WEAK = YES;
				CLANG_WARN_BLOCK_CAPTURE_AUTORELEASING = YES;
				CLANG_WARN_BOOL_CONVERSION = YES;
				CLANG_WARN_COMMA = YES;
				CLANG_WARN_CONSTANT_CONVERSION = YES;
				CLANG_WARN_DEPRECATED_OBJC_IMPLEMENTATIONS = YES;
				CLANG_WARN_DIRECT_OBJC_ISA_USAGE = YES_ERROR;
				CLANG_WARN_DOCUMENTATION_COMMENTS = YES;
				CLANG_WARN_EMPTY_BODY = YES;
				CLANG_WARN_ENUM_CONVERSION = YES;
				CLANG_WARN_INFINITE_RECURSION = YES;
				CLANG_WARN_INT_CONVERSION = YES;
				CLANG_WARN_NON_LITERAL_NULL_CONVERSION = YES;
				CLANG_WARN_OBJC_IMPLICIT_RETAIN_SELF = YES;
				CLANG_WARN_OBJC_LITERAL_CONVERSION = YES;
				CLANG_WARN_OBJC_ROOT_CLASS = YES_ERROR;
				CLANG_WARN_QUOTED_INCLUDE_IN_FRAMEWORK_HEADER = YES;
				CLANG_WARN_RANGE_LOOP_ANALYSIS = YES;
				CLANG_WARN_STRICT_PROTOTYPES = YES;
				CLANG_WARN_SUSPICIOUS_MOVE = YES;
				CLANG_WARN_UNGUARDED_AVAILABILITY = YES_AGGRESSIVE;
				CLANG_WARN_UNREACHABLE_CODE = YES;
				CLANG_WARN__DUPLICATE_METHOD_MATCH = YES;
				COPY_PHASE_STRIP = NO;
				DEBUG_INFORMATION_FORMAT = "dwarf-with-dsym";
				ENABLE_NS_ASSERTIONS = NO;
				ENABLE_STRICT_OBJC_MSGSEND = YES;
				ENABLE_USER_SCRIPT_SANDBOXING = YES;
				GCC_C_LANGUAGE_STANDARD = gnu17;
				GCC_NO_COMMON_BLOCKS = YES;
				GCC_WARN_64_TO_32_BIT_CONVERSION = YES;
				GCC_WARN_ABOUT_RETURN_TYPE = YES_ERROR;
				GCC_WARN_UNDECLARED_SELECTOR = YES;
				GCC_WARN_UNINITIALIZED_AUTOS = YES_AGGRESSIVE;
				GCC_WARN_UNUSED_FUNCTION = YES;
				GCC_WARN_UNUSED_VARIABLE = YES;
				IPHONEOS_DEPLOYMENT_TARGET = 17.0;
				LOCALIZATION_PREFERS_STRING_CATALOGS = YES;
				MTL_ENABLE_DEBUG_INFO = NO;
				MTL_FAST_MATH = YES;
				SDKROOT = iphoneos;
				SWIFT_COMPILATION_MODE = wholemodule;
				VALIDATE_PRODUCT = YES;
			};
			name = Release;
		};
		4DB140682B1F1B2E007BF483 /* Debug */ = {
			isa = XCBuildConfiguration;
			buildSettings = {
				ASSETCATALOG_COMPILER_APPICON_NAME = AppIcon;
				ASSETCATALOG_COMPILER_GLOBAL_ACCENT_COLOR_NAME = AccentColor;
				CODE_SIGN_STYLE = Automatic;
				CURRENT_PROJECT_VERSION = 1;
				DEVELOPMENT_TEAM = 9H86M4PWNK;
				GENERATE_INFOPLIST_FILE = YES;
				INFOPLIST_KEY_UIApplicationSupportsIndirectInputEvents = YES;
				INFOPLIST_KEY_UILaunchStoryboardName = LaunchScreen;
				INFOPLIST_KEY_UIMainStoryboardFile = Main;
				INFOPLIST_KEY_UIStatusBarHidden = YES;
				INFOPLIST_KEY_UISupportedInterfaceOrientations_iPad = "UIInterfaceOrientationPortrait UIInterfaceOrientationPortraitUpsideDown UIInterfaceOrientationLandscapeLeft UIInterfaceOrientationLandscapeRight";
				INFOPLIST_KEY_UISupportedInterfaceOrientations_iPhone = "UIInterfaceOrientationPortrait UIInterfaceOrientationLandscapeLeft UIInterfaceOrientationLandscapeRight";
				LD_RUNPATH_SEARCH_PATHS = (
					"$(inherited)",
					"@executable_path/Frameworks",
				);
				MARKETING_VERSION = 1.0;
				PRODUCT_BUNDLE_IDENTIFIER = com.mattiamarranzino.GamePriest;
				PRODUCT_NAME = "$(TARGET_NAME)";
				SWIFT_EMIT_LOC_STRINGS = YES;
				SWIFT_VERSION = 5.0;
				TARGETED_DEVICE_FAMILY = "1,2";
			};
			name = Debug;
		};
		4DB140692B1F1B2E007BF483 /* Release */ = {
			isa = XCBuildConfiguration;
			buildSettings = {
				ASSETCATALOG_COMPILER_APPICON_NAME = AppIcon;
				ASSETCATALOG_COMPILER_GLOBAL_ACCENT_COLOR_NAME = AccentColor;
				CODE_SIGN_STYLE = Automatic;
				CURRENT_PROJECT_VERSION = 1;
				DEVELOPMENT_TEAM = 9H86M4PWNK;
				GENERATE_INFOPLIST_FILE = YES;
				INFOPLIST_KEY_UIApplicationSupportsIndirectInputEvents = YES;
				INFOPLIST_KEY_UILaunchStoryboardName = LaunchScreen;
				INFOPLIST_KEY_UIMainStoryboardFile = Main;
				INFOPLIST_KEY_UIStatusBarHidden = YES;
				INFOPLIST_KEY_UISupportedInterfaceOrientations_iPad = "UIInterfaceOrientationPortrait UIInterfaceOrientationPortraitUpsideDown UIInterfaceOrientationLandscapeLeft UIInterfaceOrientationLandscapeRight";
				INFOPLIST_KEY_UISupportedInterfaceOrientations_iPhone = "UIInterfaceOrientationPortrait UIInterfaceOrientationLandscapeLeft UIInterfaceOrientationLandscapeRight";
				LD_RUNPATH_SEARCH_PATHS = (
					"$(inherited)",
					"@executable_path/Frameworks",
				);
				MARKETING_VERSION = 1.0;
				PRODUCT_BUNDLE_IDENTIFIER = com.mattiamarranzino.GamePriest;
				PRODUCT_NAME = "$(TARGET_NAME)";
				SWIFT_EMIT_LOC_STRINGS = YES;
				SWIFT_VERSION = 5.0;
				TARGETED_DEVICE_FAMILY = "1,2";
			};
			name = Release;
		};
/* End XCBuildConfiguration section */

/* Begin XCConfigurationList section */
		4DB1404B2B1F1B2D007BF483 /* Build configuration list for PBXProject "GamePriest" */ = {
			isa = XCConfigurationList;
			buildConfigurations = (
				4DB140652B1F1B2E007BF483 /* Debug */,
				4DB140662B1F1B2E007BF483 /* Release */,
			);
			defaultConfigurationIsVisible = 0;
			defaultConfigurationName = Release;
		};
		4DB140672B1F1B2E007BF483 /* Build configuration list for PBXNativeTarget "GamePriest" */ = {
			isa = XCConfigurationList;
			buildConfigurations = (
				4DB140682B1F1B2E007BF483 /* Debug */,
				4DB140692B1F1B2E007BF483 /* Release */,
			);
			defaultConfigurationIsVisible = 0;
			defaultConfigurationName = Release;
		};
/* End XCConfigurationList section */
	};
	rootObject = 4DB140482B1F1B2D007BF483 /* Project object */;
}
